
Microsoft Visual Studio Solution File, Format Version 12.00
Project("{FAE04EC0-301F-11D3-BF4B-00C04F79EFBC}") = "Portfolio.Api", "Portfolio.Api\Portfolio.Api.csproj", "{56782A91-9E42-43A1-97CF-97856F3151E6}"
EndProject
Project("{FAE04EC0-301F-11D3-BF4B-00C04F79EFBC}") = "Portfolio.Dal", "Portfolio.Dal\Portfolio.Dal.csproj", "{904C9CD6-5F2E-42E1-87F5-B8D5FEA2B569}"
EndProject
Project("{FAE04EC0-301F-11D3-BF4B-00C04F79EFBC}") = "Portfolio.Business", "Portfolio.Business\Portfolio.Business.csproj", "{3815F790-CCF4-462B-AE52-644506DBB41D}"
EndProject
Project("{FAE04EC0-301F-11D3-BF4B-00C04F79EFBC}") = "Portfolio.Utils", "Portfolio.Utils\Portfolio.Utils.csproj", "{A1369969-5569-4551-A872-8C05346ADD22}"
EndProject
Project("{FAE04EC0-301F-11D3-BF4B-00C04F79EFBC}") = "Brevo.Client", "Brevo.Client\Brevo.Client.csproj", "{60E90821-96B4-41F9-A906-1843677E14F7}"
EndProject
Global
	GlobalSection(SolutionConfigurationPlatforms) = preSolution
		Debug|Any CPU = Debug|Any CPU
		Release|Any CPU = Release|Any CPU
	EndGlobalSection
	GlobalSection(ProjectConfigurationPlatforms) = postSolution
		{56782A91-9E42-43A1-97CF-97856F3151E6}.Debug|Any CPU.ActiveCfg = Debug|Any CPU
		{56782A91-9E42-43A1-97CF-97856F3151E6}.Debug|Any CPU.Build.0 = Debug|Any CPU
		{56782A91-9E42-43A1-97CF-97856F3151E6}.Release|Any CPU.ActiveCfg = Release|Any CPU
		{56782A91-9E42-43A1-97CF-97856F3151E6}.Release|Any CPU.Build.0 = Release|Any CPU
		{904C9CD6-5F2E-42E1-87F5-B8D5FEA2B569}.Debug|Any CPU.ActiveCfg = Debug|Any CPU
		{904C9CD6-5F2E-42E1-87F5-B8D5FEA2B569}.Debug|Any CPU.Build.0 = Debug|Any CPU
		{904C9CD6-5F2E-42E1-87F5-B8D5FEA2B569}.Release|Any CPU.ActiveCfg = Release|Any CPU
		{904C9CD6-5F2E-42E1-87F5-B8D5FEA2B569}.Release|Any CPU.Build.0 = Release|Any CPU
		{3815F790-CCF4-462B-AE52-644506DBB41D}.Debug|Any CPU.ActiveCfg = Debug|Any CPU
		{3815F790-CCF4-462B-AE52-644506DBB41D}.Debug|Any CPU.Build.0 = Debug|Any CPU
		{3815F790-CCF4-462B-AE52-644506DBB41D}.Release|Any CPU.ActiveCfg = Release|Any CPU
		{3815F790-CCF4-462B-AE52-644506DBB41D}.Release|Any CPU.Build.0 = Release|Any CPU
		{A1369969-5569-4551-A872-8C05346ADD22}.Debug|Any CPU.ActiveCfg = Debug|Any CPU
		{A1369969-5569-4551-A872-8C05346ADD22}.Debug|Any CPU.Build.0 = Debug|Any CPU
		{A1369969-5569-4551-A872-8C05346ADD22}.Release|Any CPU.ActiveCfg = Release|Any CPU
		{A1369969-5569-4551-A872-8C05346ADD22}.Release|Any CPU.Build.0 = Release|Any CPU
		{60E90821-96B4-41F9-A906-1843677E14F7}.Debug|Any CPU.ActiveCfg = Debug|Any CPU
		{60E90821-96B4-41F9-A906-1843677E14F7}.Debug|Any CPU.Build.0 = Debug|Any CPU
		{60E90821-96B4-41F9-A906-1843677E14F7}.Release|Any CPU.ActiveCfg = Release|Any CPU
		{60E90821-96B4-41F9-A906-1843677E14F7}.Release|Any CPU.Build.0 = Release|Any CPU
	EndGlobalSection
EndGlobal
